
Microsoft Visual Studio Solution File, Format Version 12.00
# Visual Studio Version 17
VisualStudioVersion = 17.6.33723.286
MinimumVisualStudioVersion = 10.0.40219.1
Project("{FAE04EC0-301F-11D3-BF4B-00C04F79EFBC}") = "main", "main\main.csproj", "{C29C98E0-E69C-41F1-BF7F-B42A8FEB6124}"
EndProject
Global
	GlobalSection(SolutionConfigurationPlatforms) = preSolution
		Debug|Any CPU = Debug|Any CPU
		Release|Any CPU = Release|Any CPU
	EndGlobalSection
	GlobalSection(ProjectConfigurationPlatforms) = postSolution
		{C29C98E0-E69C-41F1-BF7F-B42A8FEB6124}.Debug|Any CPU.ActiveCfg = Debug|Any CPU
		{C29C98E0-E69C-41F1-BF7F-B42A8FEB6124}.Debug|Any CPU.Build.0 = Debug|Any CPU
		{C29C98E0-E69C-41F1-BF7F-B42A8FEB6124}.Release|Any CPU.ActiveCfg = Release|Any CPU
		{C29C98E0-E69C-41F1-BF7F-B42A8FEB6124}.Release|Any CPU.Build.0 = Release|Any CPU
	EndGlobalSection
	GlobalSection(SolutionProperties) = preSolution
		HideSolutionNode = FALSE
	EndGlobalSection
	GlobalSection(ExtensibilityGlobals) = postSolution
		SolutionGuid = {FDA81197-71DA-438C-B2F2-BF02B54CA5B0}
	EndGlobalSection
EndGlobal
